
Microsoft Visual Studio Solution File, Format Version 12.00
# Visual Studio Version 16
VisualStudioVersion = 16.0.29424.173
MinimumVisualStudioVersion = 10.0.40219.1
Project("{FAE04EC0-301F-11D3-BF4B-00C04F79EFBC}") = "SampleAPI2", "SampleAPI2\SampleAPI2.csproj", "{DDEFC511-571F-4AF4-82EA-98B33DF335A1}"
EndProject
Global
	GlobalSection(SolutionConfigurationPlatforms) = preSolution
		Debug|Any CPU = Debug|Any CPU
		Release|Any CPU = Release|Any CPU
	EndGlobalSection
	GlobalSection(ProjectConfigurationPlatforms) = postSolution
		{DDEFC511-571F-4AF4-82EA-98B33DF335A1}.Debug|Any CPU.ActiveCfg = Debug|Any CPU
		{DDEFC511-571F-4AF4-82EA-98B33DF335A1}.Debug|Any CPU.Build.0 = Debug|Any CPU
		{DDEFC511-571F-4AF4-82EA-98B33DF335A1}.Release|Any CPU.ActiveCfg = Release|Any CPU
		{DDEFC511-571F-4AF4-82EA-98B33DF335A1}.Release|Any CPU.Build.0 = Release|Any CPU
	EndGlobalSection
	GlobalSection(SolutionProperties) = preSolution
		HideSolutionNode = FALSE
	EndGlobalSection
	GlobalSection(ExtensibilityGlobals) = postSolution
		SolutionGuid = {4A28AD9E-DB4D-4E02-9E69-408098B53A55}
	EndGlobalSection
EndGlobal
